github.com/BurntSushi/toml v0.3.1 h1:WXkYYl6Yr3qBf1K79EBnL4mak0OimBfB0XUf9Vl28OQ=
github.com/BurntSushi/toml v0.3.1/go.mod h1:xHWCNGjB5oqiDr8zfno3MHue2Ht5sIBksp03qcyfWMU=
github.com/bradfitz/latlong v0.0.0-20170410180902-f3db6d0dff40 h1:wsnz4B2CSHJ09pwtMReU/GRqWDsI7XSasq7Nphem3Xk=
github.com/bradfitz/latlong v0.0.0-20170410180902-f3db6d0dff40/go.mod h1:ZcXX9BndVQx6Q/JM6B8x7dLE9sl20S+TQsv4KO7tEQk=
github.com/cespare/xxhash v1.0.0 h1:naDmySfoNg0nKS62/ujM6e71ZgM2AoVdaqGwMG0w18A=
github.com/cespare/xxhash v1.0.0/go.mod h1:fX/lfQBkSCDXZSUgv6jVIu/EVA3/JNseAX5asI4c4T4=
github.com/client9/misspell v0.3.4 h1:ta993UF76GwbvJcIo3Y68y/M3WxlpEHPWIGDkJYwzJI=
github.com/client9/misspell v0.3.4/go.mod h1:qj6jICC3Q7zFZvVWo7KLAzC3yx5G7kyvSDkc90ppPyw=
github.com/gordonklaus/ineffassign v0.0.0-20180909121442-1003c8bd00dc h1:cJlkeAx1QYgO5N80aF5xRGstVsRQwgLR7uA2FnP1ZjY=
github.com/gordonklaus/ineffassign v0.0.0-20180909121442-1003c8bd00dc/go.mod h1:cuNKsD1zp2v6XfE/orVX2QE1LC+i254ceGcVeDT3pTU=
github.com/jgautheron/goconst v0.0.0-20170703170152-9740945f5dcb h1:D5s1HIu80AcMGcqmk7fNIVptmAubVHHaj3v5Upex6Zs=
github.com/jgautheron/goconst v0.0.0-20170703170152-9740945f5dcb/go.mod h1:82TxjOpWQiPmywlbIaB2ZkqJoSYJdLGPgAJDvM3PbKc=
github.com/kisielk/errcheck v1.2.0 h1:reN85Pxc5larApoH1keMBiu2GWtPqXQ1nc9gx+jOU+E=
github.com/kisielk/errcheck v1.2.0/go.mod h1:/BMXB+zMLi60iA8Vv6Ksmxu/1UDYcXs4uQLJ+jE2L00=
github.com/kortschak/utter v0.0.0-20180609113506-364ec7d7a8f4 h1:pQnj+PSlG2m3GzNDRqfPKLGFa4F+UrGZVHfyMUcGiSA=
github.com/kortschak/utter v0.0.0-20180609113506-364ec7d7a8f4/go.mod h1:oDr41C7kH9wvAikWyFhr6UFr8R7nelpmCF5XR5rL7I8=
github.com/mdempsky/unconvert v0.0.0-20190325185700-2f5dc3378ed3 h1:ONMmGu9qiY0FW95o5V7LBwZaMg58Sb9pUYtTD4/rgks=
github.com/mdempsky/unconvert v0.0.0-20190325185700-2f5dc3378ed3/go.mod h1:9+3Wp2ccIz73BJqVfc7n2+1A+mzvnEwtDTqEjeRngBQ=
github.com/tealeg/xlsx v1.0.3 h1:BXsDIQYBPq2HgbwUxrsVXIrnO0BDxmsdUfHSfvwfBuQ=
github.com/tealeg/xlsx v1.0.3/go.mod h1:uxu5UY2ovkuRPWKQ8Q7JG0JbSivrISjdPzZQKeo74mA=
golang.org/x/crypto v0.0.0-20190308221718-c2843e01d9a2/go.mod h1:djNgcEr1/C05ACkg1iLfiJU5Ep61QUkGW8qpdssI0+w=
golang.org/x/lint v0.0.0-20190409202823-959b441ac422 h1:QzoH/1pFpZguR8NrRHLcO6jKqfv2zpuSqZLgdm7ZmjI=
golang.org/x/lint v0.0.0-20190409202823-959b441ac422/go.mod h1:6SW0HCj/g11FgYtHlgUYUwCkIfeOF89ocIRzGO/8vkc=
golang.org/x/net v0.0.0-20190311183353-d8887717615a/go.mod h1:t9HGtf8HONx5eT2rtn7q6eTqICYqUVnKs3thJo3Qplg=
golang.org/x/sync v0.0.0-20190423024810-112230192c58/go.mod h1:RxMgew5VJxzue5/jJTE5uejpjVlOe/izrB70Jof72aM=
golang.org/x/sys v0.0.0-20190215142949-d0b11bdaac8a/go.mod h1:STP8DvDyc/dI5b8T5hshtkjS+E42TnysNCUPdjciGhY=
golang.org/x/text v0.3.0 h1:g61tztE5qeGQ89tm6NTjjM9VPIm088od1l6aSorWRWg=
golang.org/x/text v0.3.0/go.mod h1:NqM8EUOU14njkJ3fqMW+pc6Ldnwhi/IjpwHt7yyuwOQ=
golang.org/x/tools v0.0.0-20181030221726-6c7e314b6563/go.mod h1:n7NCudcB/nEzxVGmLbDWY5pfWTLqBcC2KZ6jyYvM4mQ=
golang.org/x/tools v0.0.0-20190311212946-11955173bddd/go.mod h1:LCzVGOaR6xXOjkQ3onu1FJEFr0SW1gC7cKk1uF8kGRs=
golang.org/x/tools v0.0.0-20190325161752-5a8dccf5b48a/go.mod h1:LCzVGOaR6xXOjkQ3onu1FJEFr0SW1gC7cKk1uF8kGRs=
golang.org/x/tools v0.0.0-20190501045030-23463209683d h1:D7DVZUZEUgsSIDTivnUtVeGfN5AvhDIKtdIZAqx0ieE=
golang.org/x/tools v0.0.0-20190501045030-23463209683d/go.mod h1:RgjU9mgBXZiqYHBnxXauZ1Gv1EHHAz9KjViQ78xBX0Q=
honnef.co/go/tools v0.0.0-20190418001031-e561f6794a2a h1:LJwr7TCTghdatWv40WobzlKXc9c4s8oGa7QKJUtHhWA=
honnef.co/go/tools v0.0.0-20190418001031-e561f6794a2a/go.mod h1:rf3lG4BRIbNafJWhAfAdb/ePZxsR/4RtNHQocxwk9r4=
