github.com/bradfitz/latlong v0.0.0-20170410180902-f3db6d0dff40 h1:wsnz4B2CSHJ09pwtMReU/GRqWDsI7XSasq7Nphem3Xk=
github.com/bradfitz/latlong v0.0.0-20170410180902-f3db6d0dff40/go.mod h1:ZcXX9BndVQx6Q/JM6B8x7dLE9sl20S+TQsv4KO7tEQk=
github.com/cespare/xxhash v1.0.0 h1:naDmySfoNg0nKS62/ujM6e71ZgM2AoVdaqGwMG0w18A=
github.com/cespare/xxhash v1.0.0/go.mod h1:fX/lfQBkSCDXZSUgv6jVIu/EVA3/JNseAX5asI4c4T4=
github.com/kortschak/utter v0.0.0-20180609113506-364ec7d7a8f4 h1:pQnj+PSlG2m3GzNDRqfPKLGFa4F+UrGZVHfyMUcGiSA=
github.com/kortschak/utter v0.0.0-20180609113506-364ec7d7a8f4/go.mod h1:oDr41C7kH9wvAikWyFhr6UFr8R7nelpmCF5XR5rL7I8=
github.com/tealeg/xlsx v1.0.3 h1:BXsDIQYBPq2HgbwUxrsVXIrnO0BDxmsdUfHSfvwfBuQ=
github.com/tealeg/xlsx v1.0.3/go.mod h1:uxu5UY2ovkuRPWKQ8Q7JG0JbSivrISjdPzZQKeo74mA=
